// !$*UTF8*$!
{
	archiveVersion = 1;
	classes = {
	};
	objectVersion = 48;
	objects = {

/* Begin PBXBuildFile section */
		01BA6444212EA38B004624EA /* AppDelegate.m in Sources */ = {isa = PBXBuildFile; fileRef = 01BA6443212EA38B004624EA /* AppDelegate.m */; };
		01BA6447212EA38B004624EA /* ViewController.m in Sources */ = {isa = PBXBuildFile; fileRef = 01BA6446212EA38B004624EA /* ViewController.m */; };
		01BA644A212EA38B004624EA /* Main.storyboard in Resources */ = {isa = PBXBuildFile; fileRef = 01BA6448212EA38B004624EA /* Main.storyboard */; };
		01BA644C212EA38B004624EA /* Assets.xcassets in Resources */ = {isa = PBXBuildFile; fileRef = 01BA644B212EA38B004624EA /* Assets.xcassets */; };
		01BA644F212EA38B004624EA /* LaunchScreen.storyboard in Resources */ = {isa = PBXBuildFile; fileRef = 01BA644D212EA38B004624EA /* LaunchScreen.storyboard */; };
		01BA6452212EA38B004624EA /* main.m in Sources */ = {isa = PBXBuildFile; fileRef = 01BA6451212EA38B004624EA /* main.m */; };
		01BA645F212EA80E004624EA /* NSObject+KVO.m in Sources */ = {isa = PBXBuildFile; fileRef = 01BA645E212EA80E004624EA /* NSObject+KVO.m */; };
		01BA6462212EB0CF004624EA /* UserModel.m in Sources */ = {isa = PBXBuildFile; fileRef = 01BA6461212EB0CF004624EA /* UserModel.m */; };
/* End PBXBuildFile section */

/* Begin PBXFileReference section */
		01BA643F212EA38B004624EA /* iOSTool.app */ = {isa = PBXFileReference; explicitFileType = wrapper.application; includeInIndex = 0; path = iOSTool.app; sourceTree = BUILT_PRODUCTS_DIR; };
		01BA6442212EA38B004624EA /* AppDelegate.h */ = {isa = PBXFileReference; lastKnownFileType = sourcecode.c.h; path = AppDelegate.h; sourceTree = "<group>"; };
		01BA6443212EA38B004624EA /* AppDelegate.m */ = {isa = PBXFileReference; lastKnownFileType = sourcecode.c.objc; path = AppDelegate.m; sourceTree = "<group>"; };
		01BA6445212EA38B004624EA /* ViewController.h */ = {isa = PBXFileReference; lastKnownFileType = sourcecode.c.h; path = ViewController.h; sourceTree = "<group>"; };
		01BA6446212EA38B004624EA /* ViewController.m */ = {isa = PBXFileReference; lastKnownFileType = sourcecode.c.objc; path = ViewController.m; sourceTree = "<group>"; };
		01BA6449212EA38B004624EA /* Base */ = {isa = PBXFileReference; lastKnownFileType = file.storyboard; name = Base; path = Base.lproj/Main.storyboard; sourceTree = "<group>"; };
		01BA644B212EA38B004624EA /* Assets.xcassets */ = {isa = PBXFileReference; lastKnownFileType = folder.assetcatalog; path = Assets.xcassets; sourceTree = "<group>"; };
		01BA644E212EA38B004624EA /* Base */ = {isa = PBXFileReference; lastKnownFileType = file.storyboard; name = Base; path = Base.lproj/LaunchScreen.storyboard; sourceTree = "<group>"; };
		01BA6450212EA38B004624EA /* Info.plist */ = {isa = PBXFileReference; lastKnownFileType = text.plist.xml; path = Info.plist; sourceTree = "<group>"; };
		01BA6451212EA38B004624EA /* main.m */ = {isa = PBXFileReference; lastKnownFileType = sourcecode.c.objc; path = main.m; sourceTree = "<group>"; };
		01BA645D212EA80E004624EA /* NSObject+KVO.h */ = {isa = PBXFileReference; lastKnownFileType = sourcecode.c.h; path = "NSObject+KVO.h"; sourceTree = "<group>"; };
		01BA645E212EA80E004624EA /* NSObject+KVO.m */ = {isa = PBXFileReference; lastKnownFileType = sourcecode.c.objc; path = "NSObject+KVO.m"; sourceTree = "<group>"; };
		01BA6460212EB0CF004624EA /* UserModel.h */ = {isa = PBXFileReference; lastKnownFileType = sourcecode.c.h; path = UserModel.h; sourceTree = "<group>"; };
		01BA6461212EB0CF004624EA /* UserModel.m */ = {isa = PBXFileReference; lastKnownFileType = sourcecode.c.objc; path = UserModel.m; sourceTree = "<group>"; };
/* End PBXFileReference section */

/* Begin PBXFrameworksBuildPhase section */
		01BA643C212EA38B004624EA /* Frameworks */ = {
			isa = PBXFrameworksBuildPhase;
			buildActionMask = 2147483647;
			files = (
			);
			runOnlyForDeploymentPostprocessing = 0;
		};
/* End PBXFrameworksBuildPhase section */

/* Begin PBXGroup section */
		01BA6436212EA38A004624EA = {
			isa = PBXGroup;
			children = (
				01BA6441212EA38B004624EA /* iOSTool */,
				01BA6440212EA38B004624EA /* Products */,
			);
			sourceTree = "<group>";
		};
		01BA6440212EA38B004624EA /* Products */ = {
			isa = PBXGroup;
			children = (
				01BA643F212EA38B004624EA /* iOSTool.app */,
			);
			name = Products;
			sourceTree = "<group>";
		};
		01BA6441212EA38B004624EA /* iOSTool */ = {
			isa = PBXGroup;
			children = (
				01BA645C212EA7B6004624EA /* KVO */,
				01BA6442212EA38B004624EA /* AppDelegate.h */,
				01BA6443212EA38B004624EA /* AppDelegate.m */,
				01BA6445212EA38B004624EA /* ViewController.h */,
				01BA6446212EA38B004624EA /* ViewController.m */,
				01BA6448212EA38B004624EA /* Main.storyboard */,
				01BA644B212EA38B004624EA /* Assets.xcassets */,
				01BA644D212EA38B004624EA /* LaunchScreen.storyboard */,
				01BA6450212EA38B004624EA /* Info.plist */,
				01BA6451212EA38B004624EA /* main.m */,
				01BA6460212EB0CF004624EA /* UserModel.h */,
				01BA6461212EB0CF004624EA /* UserModel.m */,
			);
			path = iOSTool;
			sourceTree = "<group>";
		};
		01BA645C212EA7B6004624EA /* KVO */ = {
			isa = PBXGroup;
			children = (
				01BA645D212EA80E004624EA /* NSObject+KVO.h */,
				01BA645E212EA80E004624EA /* NSObject+KVO.m */,
			);
			name = KVO;
			path = /Users/zhi.zhuang/Documents/qiye/github/iOSTool/iOSTool/KVO;
			sourceTree = "<absolute>";
		};
/* End PBXGroup section */

/* Begin PBXNativeTarget section */
		01BA643E212EA38B004624EA /* iOSTool */ = {
			isa = PBXNativeTarget;
			buildConfigurationList = 01BA6455212EA38B004624EA /* Build configuration list for PBXNativeTarget "iOSTool" */;
			buildPhases = (
				01BA643B212EA38B004624EA /* Sources */,
				01BA643C212EA38B004624EA /* Frameworks */,
				01BA643D212EA38B004624EA /* Resources */,
			);
			buildRules = (
			);
			dependencies = (
			);
			name = iOSTool;
			productName = iOSTool;
			productReference = 01BA643F212EA38B004624EA /* iOSTool.app */;
			productType = "com.apple.product-type.application";
		};
/* End PBXNativeTarget section */

/* Begin PBXProject section */
		01BA6437212EA38A004624EA /* Project object */ = {
			isa = PBXProject;
			attributes = {
				LastUpgradeCheck = 0920;
				ORGANIZATIONNAME = qiye;
				TargetAttributes = {
					01BA643E212EA38B004624EA = {
						CreatedOnToolsVersion = 9.2;
						ProvisioningStyle = Manual;
					};
				};
			};
			buildConfigurationList = 01BA643A212EA38A004624EA /* Build configuration list for PBXProject "iOSTool" */;
			compatibilityVersion = "Xcode 8.0";
			developmentRegion = en;
			hasScannedForEncodings = 0;
			knownRegions = (
				en,
				Base,
			);
			mainGroup = 01BA6436212EA38A004624EA;
			productRefGroup = 01BA6440212EA38B004624EA /* Products */;
			projectDirPath = "";
			projectRoot = "";
			targets = (
				01BA643E212EA38B004624EA /* iOSTool */,
			);
		};
/* End PBXProject section */

/* Begin PBXResourcesBuildPhase section */
		01BA643D212EA38B004624EA /* Resources */ = {
			isa = PBXResourcesBuildPhase;
			buildActionMask = 2147483647;
			files = (
				01BA644F212EA38B004624EA /* LaunchScreen.storyboard in Resources */,
				01BA644C212EA38B004624EA /* Assets.xcassets in Resources */,
				01BA644A212EA38B004624EA /* Main.storyboard in Resources */,
			);
			runOnlyForDeploymentPostprocessing = 0;
		};
/* End PBXResourcesBuildPhase section */

/* Begin PBXSourcesBuildPhase section */
		01BA643B212EA38B004624EA /* Sources */ = {
			isa = PBXSourcesBuildPhase;
			buildActionMask = 2147483647;
			files = (
				01BA645F212EA80E004624EA /* NSObject+KVO.m in Sources */,
				01BA6462212EB0CF004624EA /* UserModel.m in Sources */,
				01BA6447212EA38B004624EA /* ViewController.m in Sources */,
				01BA6452212EA38B004624EA /* main.m in Sources */,
				01BA6444212EA38B004624EA /* AppDelegate.m in Sources */,
			);
			runOnlyForDeploymentPostprocessing = 0;
		};
/* End PBXSourcesBuildPhase section */

/* Begin PBXVariantGroup section */
		01BA6448212EA38B004624EA /* Main.storyboard */ = {
			isa = PBXVariantGroup;
			children = (
				01BA6449212EA38B004624EA /* Base */,
			);
			name = Main.storyboard;
			sourceTree = "<group>";
		};
		01BA644D212EA38B004624EA /* LaunchScreen.storyboard */ = {
			isa = PBXVariantGroup;
			children = (
				01BA644E212EA38B004624EA /* Base */,
			);
			name = LaunchScreen.storyboard;
			sourceTree = "<group>";
		};
/* End PBXVariantGroup section */

/* Begin XCBuildConfiguration section */
		01BA6453212EA38B004624EA /* Debug */ = {
			isa = XCBuildConfiguration;
			buildSettings = {
				ALWAYS_SEARCH_USER_PATHS = NO;
				CLANG_ANALYZER_NONNULL = YES;
				CLANG_ANALYZER_NUMBER_OBJECT_CONVERSION = YES_AGGRESSIVE;
				CLANG_CXX_LANGUAGE_STANDARD = "gnu++14";
				CLANG_CXX_LIBRARY = "libc++";
				CLANG_ENABLE_MODULES = YES;
				CLANG_ENABLE_OBJC_ARC = YES;
				CLANG_WARN_BLOCK_CAPTURE_AUTORELEASING = YES;
				CLANG_WARN_BOOL_CONVERSION = YES;
				CLANG_WARN_COMMA = YES;
				CLANG_WARN_CONSTANT_CONVERSION = YES;
				CLANG_WARN_DIRECT_OBJC_ISA_USAGE = YES_ERROR;
				CLANG_WARN_DOCUMENTATION_COMMENTS = YES;
				CLANG_WARN_EMPTY_BODY = YES;
				CLANG_WARN_ENUM_CONVERSION = YES;
				CLANG_WARN_INFINITE_RECURSION = YES;
				CLANG_WARN_INT_CONVERSION = YES;
				CLANG_WARN_NON_LITERAL_NULL_CONVERSION = YES;
				CLANG_WARN_OBJC_LITERAL_CONVERSION = YES;
				CLANG_WARN_OBJC_ROOT_CLASS = YES_ERROR;
				CLANG_WARN_RANGE_LOOP_ANALYSIS = YES;
				CLANG_WARN_STRICT_PROTOTYPES = YES;
				CLANG_WARN_SUSPICIOUS_MOVE = YES;
				CLANG_WARN_UNGUARDED_AVAILABILITY = YES_AGGRESSIVE;
				CLANG_WARN_UNREACHABLE_CODE = YES;
				CLANG_WARN__DUPLICATE_METHOD_MATCH = YES;
				CODE_SIGN_IDENTITY = "iPhone Developer";
				COPY_PHASE_STRIP = NO;
				DEBUG_INFORMATION_FORMAT = dwarf;
				ENABLE_STRICT_OBJC_MSGSEND = YES;
				ENABLE_TESTABILITY = YES;
				GCC_C_LANGUAGE_STANDARD = gnu11;
				GCC_DYNAMIC_NO_PIC = NO;
				GCC_NO_COMMON_BLOCKS = YES;
				GCC_OPTIMIZATION_LEVEL = 0;
				GCC_PREPROCESSOR_DEFINITIONS = (
					"DEBUG=1",
					"$(inherited)",
				);
				GCC_WARN_64_TO_32_BIT_CONVERSION = YES;
				GCC_WARN_ABOUT_RETURN_TYPE = YES_ERROR;
				GCC_WARN_UNDECLARED_SELECTOR = YES;
				GCC_WARN_UNINITIALIZED_AUTOS = YES_AGGRESSIVE;
				GCC_WARN_UNUSED_FUNCTION = YES;
				GCC_WARN_UNUSED_VARIABLE = YES;
				IPHONEOS_DEPLOYMENT_TARGET = 11.2;
				MTL_ENABLE_DEBUG_INFO = YES;
				ONLY_ACTIVE_ARCH = YES;
				SDKROOT = iphoneos;
			};
			name = Debug;
		};
		01BA6454212EA38B004624EA /* Release */ = {
			isa = XCBuildConfiguration;
			buildSettings = {
				ALWAYS_SEARCH_USER_PATHS = NO;
				CLANG_ANALYZER_NONNULL = YES;
				CLANG_ANALYZER_NUMBER_OBJECT_CONVERSION = YES_AGGRESSIVE;
				CLANG_CXX_LANGUAGE_STANDARD = "gnu++14";
				CLANG_CXX_LIBRARY = "libc++";
				CLANG_ENABLE_MODULES = YES;
				CLANG_ENABLE_OBJC_ARC = YES;
				CLANG_WARN_BLOCK_CAPTURE_AUTORELEASING = YES;
				CLANG_WARN_BOOL_CONVERSION = YES;
				CLANG_WARN_COMMA = YES;
				CLANG_WARN_CONSTANT_CONVERSION = YES;
				CLANG_WARN_DIRECT_OBJC_ISA_USAGE = YES_ERROR;
				CLANG_WARN_DOCUMENTATION_COMMENTS = YES;
				CLANG_WARN_EMPTY_BODY = YES;
				CLANG_WARN_ENUM_CONVERSION = YES;
				CLANG_WARN_INFINITE_RECURSION = YES;
				CLANG_WARN_INT_CONVERSION = YES;
				CLANG_WARN_NON_LITERAL_NULL_CONVERSION = YES;
				CLANG_WARN_OBJC_LITERAL_CONVERSION = YES;
				CLANG_WARN_OBJC_ROOT_CLASS = YES_ERROR;
				CLANG_WARN_RANGE_LOOP_ANALYSIS = YES;
				CLANG_WARN_STRICT_PROTOTYPES = YES;
				CLANG_WARN_SUSPICIOUS_MOVE = YES;
				CLANG_WARN_UNGUARDED_AVAILABILITY = YES_AGGRESSIVE;
				CLANG_WARN_UNREACHABLE_CODE = YES;
				CLANG_WARN__DUPLICATE_METHOD_MATCH = YES;
				CODE_SIGN_IDENTITY = "iPhone Developer";
				COPY_PHASE_STRIP = NO;
				DEBUG_INFORMATION_FORMAT = "dwarf-with-dsym";
				ENABLE_NS_ASSERTIONS = NO;
				ENABLE_STRICT_OBJC_MSGSEND = YES;
				GCC_C_LANGUAGE_STANDARD = gnu11;
				GCC_NO_COMMON_BLOCKS = YES;
				GCC_WARN_64_TO_32_BIT_CONVERSION = YES;
				GCC_WARN_ABOUT_RETURN_TYPE = YES_ERROR;
				GCC_WARN_UNDECLARED_SELECTOR = YES;
				GCC_WARN_UNINITIALIZED_AUTOS = YES_AGGRESSIVE;
				GCC_WARN_UNUSED_FUNCTION = YES;
				GCC_WARN_UNUSED_VARIABLE = YES;
				IPHONEOS_DEPLOYMENT_TARGET = 11.2;
				MTL_ENABLE_DEBUG_INFO = NO;
				SDKROOT = iphoneos;
				VALIDATE_PRODUCT = YES;
			};
			name = Release;
		};
		01BA6456212EA38B004624EA /* Debug */ = {
			isa = XCBuildConfiguration;
			buildSettings = {
				ASSETCATALOG_COMPILER_APPICON_NAME = AppIcon;
				CODE_SIGN_STYLE = Manual;
				DEVELOPMENT_TEAM = "";
				ENABLE_STRICT_OBJC_MSGSEND = NO;
				INFOPLIST_FILE = iOSTool/Info.plist;
				LD_RUNPATH_SEARCH_PATHS = "$(inherited) @executable_path/Frameworks";
				PRODUCT_BUNDLE_IDENTIFIER = com.qiye.iOSTool;
				PRODUCT_NAME = "$(TARGET_NAME)";
				PROVISIONING_PROFILE_SPECIFIER = "";
				TARGETED_DEVICE_FAMILY = "1,2";
			};
			name = Debug;
		};
		01BA6457212EA38B004624EA /* Release */ = {
			isa = XCBuildConfiguration;
			buildSettings = {
				ASSETCATALOG_COMPILER_APPICON_NAME = AppIcon;
				CODE_SIGN_STYLE = Manual;
				DEVELOPMENT_TEAM = "";
				ENABLE_STRICT_OBJC_MSGSEND = NO;
				INFOPLIST_FILE = iOSTool/Info.plist;
				LD_RUNPATH_SEARCH_PATHS = "$(inherited) @executable_path/Frameworks";
				PRODUCT_BUNDLE_IDENTIFIER = com.qiye.iOSTool;
				PRODUCT_NAME = "$(TARGET_NAME)";
				PROVISIONING_PROFILE_SPECIFIER = "";
				TARGETED_DEVICE_FAMILY = "1,2";
			};
			name = Release;
		};
/* End XCBuildConfiguration section */

/* Begin XCConfigurationList section */
		01BA643A212EA38A004624EA /* Build configuration list for PBXProject "iOSTool" */ = {
			isa = XCConfigurationList;
			buildConfigurations = (
				01BA6453212EA38B004624EA /* Debug */,
				01BA6454212EA38B004624EA /* Release */,
			);
			defaultConfigurationIsVisible = 0;
			defaultConfigurationName = Release;
		};
		01BA6455212EA38B004624EA /* Build configuration list for PBXNativeTarget "iOSTool" */ = {
			isa = XCConfigurationList;
			buildConfigurations = (
				01BA6456212EA38B004624EA /* Debug */,
				01BA6457212EA38B004624EA /* Release */,
			);
			defaultConfigurationIsVisible = 0;
			defaultConfigurationName = Release;
		};
/* End XCConfigurationList section */
	};
	rootObject = 01BA6437212EA38A004624EA /* Project object */;
}
